// !$*UTF8*$!
{
	archiveVersion = 1;
	classes = {
	};
	objectVersion = 56;
	objects = {

/* Begin PBXBuildFile section */
		0404003E29F27AAC00A67C8A /* AppDelegate.swift in Sources */ = {isa = PBXBuildFile; fileRef = 0404003D29F27AAC00A67C8A /* AppDelegate.swift */; };
		0404004029F27AAC00A67C8A /* SceneDelegate.swift in Sources */ = {isa = PBXBuildFile; fileRef = 0404003F29F27AAC00A67C8A /* SceneDelegate.swift */; };
		0404004229F27AAC00A67C8A /* DataShowViewController.swift in Sources */ = {isa = PBXBuildFile; fileRef = 0404004129F27AAC00A67C8A /* DataShowViewController.swift */; };
		0404004529F27AAC00A67C8A /* Main.storyboard in Resources */ = {isa = PBXBuildFile; fileRef = 0404004329F27AAC00A67C8A /* Main.storyboard */; };
		0404004729F27AB000A67C8A /* Assets.xcassets in Resources */ = {isa = PBXBuildFile; fileRef = 0404004629F27AB000A67C8A /* Assets.xcassets */; };
		0404004A29F27AB000A67C8A /* LaunchScreen.storyboard in Resources */ = {isa = PBXBuildFile; fileRef = 0404004829F27AB000A67C8A /* LaunchScreen.storyboard */; };
		0404005229F27AF900A67C8A /* DataAddViewController.swift in Sources */ = {isa = PBXBuildFile; fileRef = 0404005129F27AF900A67C8A /* DataAddViewController.swift */; };
		0404005629F280D600A67C8A /* BackDataPassingProtocol.swift in Sources */ = {isa = PBXBuildFile; fileRef = 0404005529F280D600A67C8A /* BackDataPassingProtocol.swift */; };
/* End PBXBuildFile section */

/* Begin PBXFileReference section */
		0404003A29F27AAC00A67C8A /* DataBackWard21April.app */ = {isa = PBXFileReference; explicitFileType = wrapper.application; includeInIndex = 0; path = DataBackWard21April.app; sourceTree = BUILT_PRODUCTS_DIR; };
		0404003D29F27AAC00A67C8A /* AppDelegate.swift */ = {isa = PBXFileReference; lastKnownFileType = sourcecode.swift; path = AppDelegate.swift; sourceTree = "<group>"; };
		0404003F29F27AAC00A67C8A /* SceneDelegate.swift */ = {isa = PBXFileReference; lastKnownFileType = sourcecode.swift; path = SceneDelegate.swift; sourceTree = "<group>"; };
		0404004129F27AAC00A67C8A /* DataShowViewController.swift */ = {isa = PBXFileReference; lastKnownFileType = sourcecode.swift; path = DataShowViewController.swift; sourceTree = "<group>"; };
		0404004429F27AAC00A67C8A /* Base */ = {isa = PBXFileReference; lastKnownFileType = file.storyboard; name = Base; path = Base.lproj/Main.storyboard; sourceTree = "<group>"; };
		0404004629F27AB000A67C8A /* Assets.xcassets */ = {isa = PBXFileReference; lastKnownFileType = folder.assetcatalog; path = Assets.xcassets; sourceTree = "<group>"; };
		0404004929F27AB000A67C8A /* Base */ = {isa = PBXFileReference; lastKnownFileType = file.storyboard; name = Base; path = Base.lproj/LaunchScreen.storyboard; sourceTree = "<group>"; };
		0404004B29F27AB000A67C8A /* Info.plist */ = {isa = PBXFileReference; lastKnownFileType = text.plist.xml; path = Info.plist; sourceTree = "<group>"; };
		0404005129F27AF900A67C8A /* DataAddViewController.swift */ = {isa = PBXFileReference; lastKnownFileType = sourcecode.swift; path = DataAddViewController.swift; sourceTree = "<group>"; };
		0404005529F280D600A67C8A /* BackDataPassingProtocol.swift */ = {isa = PBXFileReference; lastKnownFileType = sourcecode.swift; path = BackDataPassingProtocol.swift; sourceTree = "<group>"; };
/* End PBXFileReference section */

/* Begin PBXFrameworksBuildPhase section */
		0404003729F27AAC00A67C8A /* Frameworks */ = {
			isa = PBXFrameworksBuildPhase;
			buildActionMask = 2147483647;
			files = (
			);
			runOnlyForDeploymentPostprocessing = 0;
		};
/* End PBXFrameworksBuildPhase section */

/* Begin PBXGroup section */
		0404003129F27AAC00A67C8A = {
			isa = PBXGroup;
			children = (
				0404005429F280B400A67C8A /* Protocols */,
				0404005329F27E9E00A67C8A /* ViewControllers */,
				0404003C29F27AAC00A67C8A /* DataBackWard21April */,
				0404003B29F27AAC00A67C8A /* Products */,
			);
			sourceTree = "<group>";
		};
		0404003B29F27AAC00A67C8A /* Products */ = {
			isa = PBXGroup;
			children = (
				0404003A29F27AAC00A67C8A /* DataBackWard21April.app */,
			);
			name = Products;
			sourceTree = "<group>";
		};
		0404003C29F27AAC00A67C8A /* DataBackWard21April */ = {
			isa = PBXGroup;
			children = (
				0404003D29F27AAC00A67C8A /* AppDelegate.swift */,
				0404003F29F27AAC00A67C8A /* SceneDelegate.swift */,
				0404004329F27AAC00A67C8A /* Main.storyboard */,
				0404004629F27AB000A67C8A /* Assets.xcassets */,
				0404004829F27AB000A67C8A /* LaunchScreen.storyboard */,
				0404004B29F27AB000A67C8A /* Info.plist */,
			);
			path = DataBackWard21April;
			sourceTree = "<group>";
		};
		0404005329F27E9E00A67C8A /* ViewControllers */ = {
			isa = PBXGroup;
			children = (
				0404005129F27AF900A67C8A /* DataAddViewController.swift */,
				0404004129F27AAC00A67C8A /* DataShowViewController.swift */,
			);
			path = ViewControllers;
			sourceTree = "<group>";
		};
		0404005429F280B400A67C8A /* Protocols */ = {
			isa = PBXGroup;
			children = (
				0404005529F280D600A67C8A /* BackDataPassingProtocol.swift */,
			);
			path = Protocols;
			sourceTree = "<group>";
		};
/* End PBXGroup section */

/* Begin PBXNativeTarget section */
		0404003929F27AAC00A67C8A /* DataBackWard21April */ = {
			isa = PBXNativeTarget;
			buildConfigurationList = 0404004E29F27AB000A67C8A /* Build configuration list for PBXNativeTarget "DataBackWard21April" */;
			buildPhases = (
				0404003629F27AAC00A67C8A /* Sources */,
				0404003729F27AAC00A67C8A /* Frameworks */,
				0404003829F27AAC00A67C8A /* Resources */,
			);
			buildRules = (
			);
			dependencies = (
			);
			name = DataBackWard21April;
			productName = DataBackWard21April;
			productReference = 0404003A29F27AAC00A67C8A /* DataBackWard21April.app */;
			productType = "com.apple.product-type.application";
		};
/* End PBXNativeTarget section */

/* Begin PBXProject section */
		0404003229F27AAC00A67C8A /* Project object */ = {
			isa = PBXProject;
			attributes = {
				BuildIndependentTargetsInParallel = 1;
				LastSwiftUpdateCheck = 1410;
				LastUpgradeCheck = 1410;
				TargetAttributes = {
					0404003929F27AAC00A67C8A = {
						CreatedOnToolsVersion = 14.1;
					};
				};
			};
			buildConfigurationList = 0404003529F27AAC00A67C8A /* Build configuration list for PBXProject "DataBackWard21April" */;
			compatibilityVersion = "Xcode 14.0";
			developmentRegion = en;
			hasScannedForEncodings = 0;
			knownRegions = (
				en,
				Base,
			);
			mainGroup = 0404003129F27AAC00A67C8A;
			productRefGroup = 0404003B29F27AAC00A67C8A /* Products */;
			projectDirPath = "";
			projectRoot = "";
			targets = (
				0404003929F27AAC00A67C8A /* DataBackWard21April */,
			);
		};
/* End PBXProject section */

/* Begin PBXResourcesBuildPhase section */
		0404003829F27AAC00A67C8A /* Resources */ = {
			isa = PBXResourcesBuildPhase;
			buildActionMask = 2147483647;
			files = (
				0404004A29F27AB000A67C8A /* LaunchScreen.storyboard in Resources */,
				0404004729F27AB000A67C8A /* Assets.xcassets in Resources */,
				0404004529F27AAC00A67C8A /* Main.storyboard in Resources */,
			);
			runOnlyForDeploymentPostprocessing = 0;
		};
/* End PBXResourcesBuildPhase section */

/* Begin PBXSourcesBuildPhase section */
		0404003629F27AAC00A67C8A /* Sources */ = {
			isa = PBXSourcesBuildPhase;
			buildActionMask = 2147483647;
			files = (
				0404005229F27AF900A67C8A /* DataAddViewController.swift in Sources */,
				0404005629F280D600A67C8A /* BackDataPassingProtocol.swift in Sources */,
				0404004229F27AAC00A67C8A /* DataShowViewController.swift in Sources */,
				0404003E29F27AAC00A67C8A /* AppDelegate.swift in Sources */,
				0404004029F27AAC00A67C8A /* SceneDelegate.swift in Sources */,
			);
			runOnlyForDeploymentPostprocessing = 0;
		};
/* End PBXSourcesBuildPhase section */

/* Begin PBXVariantGroup section */
		0404004329F27AAC00A67C8A /* Main.storyboard */ = {
			isa = PBXVariantGroup;
			children = (
				0404004429F27AAC00A67C8A /* Base */,
			);
			name = Main.storyboard;
			sourceTree = "<group>";
		};
		0404004829F27AB000A67C8A /* LaunchScreen.storyboard */ = {
			isa = PBXVariantGroup;
			children = (
				0404004929F27AB000A67C8A /* Base */,
			);
			name = LaunchScreen.storyboard;
			sourceTree = "<group>";
		};
/* End PBXVariantGroup section */

/* Begin XCBuildConfiguration section */
		0404004C29F27AB000A67C8A /* Debug */ = {
			isa = XCBuildConfiguration;
			buildSettings = {
				ALWAYS_SEARCH_USER_PATHS = NO;
				CLANG_ANALYZER_NONNULL = YES;
				CLANG_ANALYZER_NUMBER_OBJECT_CONVERSION = YES_AGGRESSIVE;
				CLANG_CXX_LANGUAGE_STANDARD = "gnu++20";
				CLANG_ENABLE_MODULES = YES;
				CLANG_ENABLE_OBJC_ARC = YES;
				CLANG_ENABLE_OBJC_WEAK = YES;
				CLANG_WARN_BLOCK_CAPTURE_AUTORELEASING = YES;
				CLANG_WARN_BOOL_CONVERSION = YES;
				CLANG_WARN_COMMA = YES;
				CLANG_WARN_CONSTANT_CONVERSION = YES;
				CLANG_WARN_DEPRECATED_OBJC_IMPLEMENTATIONS = YES;
				CLANG_WARN_DIRECT_OBJC_ISA_USAGE = YES_ERROR;
				CLANG_WARN_DOCUMENTATION_COMMENTS = YES;
				CLANG_WARN_EMPTY_BODY = YES;
				CLANG_WARN_ENUM_CONVERSION = YES;
				CLANG_WARN_INFINITE_RECURSION = YES;
				CLANG_WARN_INT_CONVERSION = YES;
				CLANG_WARN_NON_LITERAL_NULL_CONVERSION = YES;
				CLANG_WARN_OBJC_IMPLICIT_RETAIN_SELF = YES;
				CLANG_WARN_OBJC_LITERAL_CONVERSION = YES;
				CLANG_WARN_OBJC_ROOT_CLASS = YES_ERROR;
				CLANG_WARN_QUOTED_INCLUDE_IN_FRAMEWORK_HEADER = YES;
				CLANG_WARN_RANGE_LOOP_ANALYSIS = YES;
				CLANG_WARN_STRICT_PROTOTYPES = YES;
				CLANG_WARN_SUSPICIOUS_MOVE = YES;
				CLANG_WARN_UNGUARDED_AVAILABILITY = YES_AGGRESSIVE;
				CLANG_WARN_UNREACHABLE_CODE = YES;
				CLANG_WARN__DUPLICATE_METHOD_MATCH = YES;
				COPY_PHASE_STRIP = NO;
				DEBUG_INFORMATION_FORMAT = dwarf;
				ENABLE_STRICT_OBJC_MSGSEND = YES;
				ENABLE_TESTABILITY = YES;
				GCC_C_LANGUAGE_STANDARD = gnu11;
				GCC_DYNAMIC_NO_PIC = NO;
				GCC_NO_COMMON_BLOCKS = YES;
				GCC_OPTIMIZATION_LEVEL = 0;
				GCC_PREPROCESSOR_DEFINITIONS = (
					"DEBUG=1",
					"$(inherited)",
				);
				GCC_WARN_64_TO_32_BIT_CONVERSION = YES;
				GCC_WARN_ABOUT_RETURN_TYPE = YES_ERROR;
				GCC_WARN_UNDECLARED_SELECTOR = YES;
				GCC_WARN_UNINITIALIZED_AUTOS = YES_AGGRESSIVE;
				GCC_WARN_UNUSED_FUNCTION = YES;
				GCC_WARN_UNUSED_VARIABLE = YES;
				IPHONEOS_DEPLOYMENT_TARGET = 16.1;
				MTL_ENABLE_DEBUG_INFO = INCLUDE_SOURCE;
				MTL_FAST_MATH = YES;
				ONLY_ACTIVE_ARCH = YES;
				SDKROOT = iphoneos;
				SWIFT_ACTIVE_COMPILATION_CONDITIONS = DEBUG;
				SWIFT_OPTIMIZATION_LEVEL = "-Onone";
			};
			name = Debug;
		};
		0404004D29F27AB000A67C8A /* Release */ = {
			isa = XCBuildConfiguration;
			buildSettings = {
				ALWAYS_SEARCH_USER_PATHS = NO;
				CLANG_ANALYZER_NONNULL = YES;
				CLANG_ANALYZER_NUMBER_OBJECT_CONVERSION = YES_AGGRESSIVE;
				CLANG_CXX_LANGUAGE_STANDARD = "gnu++20";
				CLANG_ENABLE_MODULES = YES;
				CLANG_ENABLE_OBJC_ARC = YES;
				CLANG_ENABLE_OBJC_WEAK = YES;
				CLANG_WARN_BLOCK_CAPTURE_AUTORELEASING = YES;
				CLANG_WARN_BOOL_CONVERSION = YES;
				CLANG_WARN_COMMA = YES;
				CLANG_WARN_CONSTANT_CONVERSION = YES;
				CLANG_WARN_DEPRECATED_OBJC_IMPLEMENTATIONS = YES;
				CLANG_WARN_DIRECT_OBJC_ISA_USAGE = YES_ERROR;
				CLANG_WARN_DOCUMENTATION_COMMENTS = YES;
				CLANG_WARN_EMPTY_BODY = YES;
				CLANG_WARN_ENUM_CONVERSION = YES;
				CLANG_WARN_INFINITE_RECURSION = YES;
				CLANG_WARN_INT_CONVERSION = YES;
				CLANG_WARN_NON_LITERAL_NULL_CONVERSION = YES;
				CLANG_WARN_OBJC_IMPLICIT_RETAIN_SELF = YES;
				CLANG_WARN_OBJC_LITERAL_CONVERSION = YES;
				CLANG_WARN_OBJC_ROOT_CLASS = YES_ERROR;
				CLANG_WARN_QUOTED_INCLUDE_IN_FRAMEWORK_HEADER = YES;
				CLANG_WARN_RANGE_LOOP_ANALYSIS = YES;
				CLANG_WARN_STRICT_PROTOTYPES = YES;
				CLANG_WARN_SUSPICIOUS_MOVE = YES;
				CLANG_WARN_UNGUARDED_AVAILABILITY = YES_AGGRESSIVE;
				CLANG_WARN_UNREACHABLE_CODE = YES;
				CLANG_WARN__DUPLICATE_METHOD_MATCH = YES;
				COPY_PHASE_STRIP = NO;
				DEBUG_INFORMATION_FORMAT = "dwarf-with-dsym";
				ENABLE_NS_ASSERTIONS = NO;
				ENABLE_STRICT_OBJC_MSGSEND = YES;
				GCC_C_LANGUAGE_STANDARD = gnu11;
				GCC_NO_COMMON_BLOCKS = YES;
				GCC_WARN_64_TO_32_BIT_CONVERSION = YES;
				GCC_WARN_ABOUT_RETURN_TYPE = YES_ERROR;
				GCC_WARN_UNDECLARED_SELECTOR = YES;
				GCC_WARN_UNINITIALIZED_AUTOS = YES_AGGRESSIVE;
				GCC_WARN_UNUSED_FUNCTION = YES;
				GCC_WARN_UNUSED_VARIABLE = YES;
				IPHONEOS_DEPLOYMENT_TARGET = 16.1;
				MTL_ENABLE_DEBUG_INFO = NO;
				MTL_FAST_MATH = YES;
				SDKROOT = iphoneos;
				SWIFT_COMPILATION_MODE = wholemodule;
				SWIFT_OPTIMIZATION_LEVEL = "-O";
				VALIDATE_PRODUCT = YES;
			};
			name = Release;
		};
		0404004F29F27AB000A67C8A /* Debug */ = {
			isa = XCBuildConfiguration;
			buildSettings = {
				ASSETCATALOG_COMPILER_APPICON_NAME = AppIcon;
				ASSETCATALOG_COMPILER_GLOBAL_ACCENT_COLOR_NAME = AccentColor;
				CODE_SIGN_STYLE = Automatic;
				CURRENT_PROJECT_VERSION = 1;
				DEVELOPMENT_TEAM = FRR57W434Y;
				GENERATE_INFOPLIST_FILE = YES;
				INFOPLIST_FILE = DataBackWard21April/Info.plist;
				INFOPLIST_KEY_UIApplicationSupportsIndirectInputEvents = YES;
				INFOPLIST_KEY_UILaunchStoryboardName = LaunchScreen;
				INFOPLIST_KEY_UIMainStoryboardFile = Main;
				INFOPLIST_KEY_UISupportedInterfaceOrientations_iPad = "UIInterfaceOrientationPortrait UIInterfaceOrientationPortraitUpsideDown UIInterfaceOrientationLandscapeLeft UIInterfaceOrientationLandscapeRight";
				INFOPLIST_KEY_UISupportedInterfaceOrientations_iPhone = "UIInterfaceOrientationPortrait UIInterfaceOrientationLandscapeLeft UIInterfaceOrientationLandscapeRight";
				LD_RUNPATH_SEARCH_PATHS = (
					"$(inherited)",
					"@executable_path/Frameworks",
				);
				MARKETING_VERSION = 1.0;
				PRODUCT_BUNDLE_IDENTIFIER = com.DataBackWard21April;
				PRODUCT_NAME = "$(TARGET_NAME)";
				SWIFT_EMIT_LOC_STRINGS = YES;
				SWIFT_VERSION = 5.0;
				TARGETED_DEVICE_FAMILY = "1,2";
			};
			name = Debug;
		};
		0404005029F27AB000A67C8A /* Release */ = {
			isa = XCBuildConfiguration;
			buildSettings = {
				ASSETCATALOG_COMPILER_APPICON_NAME = AppIcon;
				ASSETCATALOG_COMPILER_GLOBAL_ACCENT_COLOR_NAME = AccentColor;
				CODE_SIGN_STYLE = Automatic;
				CURRENT_PROJECT_VERSION = 1;
				DEVELOPMENT_TEAM = FRR57W434Y;
				GENERATE_INFOPLIST_FILE = YES;
				INFOPLIST_FILE = DataBackWard21April/Info.plist;
				INFOPLIST_KEY_UIApplicationSupportsIndirectInputEvents = YES;
				INFOPLIST_KEY_UILaunchStoryboardName = LaunchScreen;
				INFOPLIST_KEY_UIMainStoryboardFile = Main;
				INFOPLIST_KEY_UISupportedInterfaceOrientations_iPad = "UIInterfaceOrientationPortrait UIInterfaceOrientationPortraitUpsideDown UIInterfaceOrientationLandscapeLeft UIInterfaceOrientationLandscapeRight";
				INFOPLIST_KEY_UISupportedInterfaceOrientations_iPhone = "UIInterfaceOrientationPortrait UIInterfaceOrientationLandscapeLeft UIInterfaceOrientationLandscapeRight";
				LD_RUNPATH_SEARCH_PATHS = (
					"$(inherited)",
					"@executable_path/Frameworks",
				);
				MARKETING_VERSION = 1.0;
				PRODUCT_BUNDLE_IDENTIFIER = com.DataBackWard21April;
				PRODUCT_NAME = "$(TARGET_NAME)";
				SWIFT_EMIT_LOC_STRINGS = YES;
				SWIFT_VERSION = 5.0;
				TARGETED_DEVICE_FAMILY = "1,2";
			};
			name = Release;
		};
/* End XCBuildConfiguration section */

/* Begin XCConfigurationList section */
		0404003529F27AAC00A67C8A /* Build configuration list for PBXProject "DataBackWard21April" */ = {
			isa = XCConfigurationList;
			buildConfigurations = (
				0404004C29F27AB000A67C8A /* Debug */,
				0404004D29F27AB000A67C8A /* Release */,
			);
			defaultConfigurationIsVisible = 0;
			defaultConfigurationName = Release;
		};
		0404004E29F27AB000A67C8A /* Build configuration list for PBXNativeTarget "DataBackWard21April" */ = {
			isa = XCConfigurationList;
			buildConfigurations = (
				0404004F29F27AB000A67C8A /* Debug */,
				0404005029F27AB000A67C8A /* Release */,
			);
			defaultConfigurationIsVisible = 0;
			defaultConfigurationName = Release;
		};
/* End XCConfigurationList section */
	};
	rootObject = 0404003229F27AAC00A67C8A /* Project object */;
}
